
Microsoft Visual Studio Solution File, Format Version 12.00
# Visual Studio 15
VisualStudioVersion = 15.0.27130.2027
MinimumVisualStudioVersion = 10.0.40219.1
Project("{FAE04EC0-301F-11D3-BF4B-00C04F79EFBC}") = "IT1050-Midterm-Question1", "IT1050-Midterm-Question1\IT1050-Midterm-Question1.csproj", "{0EA6E22C-5693-419A-82BB-A5307CDB7946}"
EndProject
Global
	GlobalSection(SolutionConfigurationPlatforms) = preSolution
		Debug|Any CPU = Debug|Any CPU
		Release|Any CPU = Release|Any CPU
	EndGlobalSection
	GlobalSection(ProjectConfigurationPlatforms) = postSolution
		{0EA6E22C-5693-419A-82BB-A5307CDB7946}.Debug|Any CPU.ActiveCfg = Debug|Any CPU
		{0EA6E22C-5693-419A-82BB-A5307CDB7946}.Debug|Any CPU.Build.0 = Debug|Any CPU
		{0EA6E22C-5693-419A-82BB-A5307CDB7946}.Release|Any CPU.ActiveCfg = Release|Any CPU
		{0EA6E22C-5693-419A-82BB-A5307CDB7946}.Release|Any CPU.Build.0 = Release|Any CPU
	EndGlobalSection
	GlobalSection(SolutionProperties) = preSolution
		HideSolutionNode = FALSE
	EndGlobalSection
	GlobalSection(ExtensibilityGlobals) = postSolution
		SolutionGuid = {12BF186A-DD83-4EB8-8F9E-254B5F54E802}
	EndGlobalSection
EndGlobal
